
Microsoft Visual Studio Solution File, Format Version 12.00
# Visual Studio 15
VisualStudioVersion = 15.0.28307.168
MinimumVisualStudioVersion = 10.0.40219.1
Project("{FAE04EC0-301F-11D3-BF4B-00C04F79EFBC}") = "Ejercisio_SI_09", "Ejercisio_SI_09\Ejercisio_SI_09.csproj", "{891DAD23-B478-421C-8D87-12DBB7939FA1}"
EndProject
Global
	GlobalSection(SolutionConfigurationPlatforms) = preSolution
		Debug|Any CPU = Debug|Any CPU
		Release|Any CPU = Release|Any CPU
	EndGlobalSection
	GlobalSection(ProjectConfigurationPlatforms) = postSolution
		{891DAD23-B478-421C-8D87-12DBB7939FA1}.Debug|Any CPU.ActiveCfg = Debug|Any CPU
		{891DAD23-B478-421C-8D87-12DBB7939FA1}.Debug|Any CPU.Build.0 = Debug|Any CPU
		{891DAD23-B478-421C-8D87-12DBB7939FA1}.Release|Any CPU.ActiveCfg = Release|Any CPU
		{891DAD23-B478-421C-8D87-12DBB7939FA1}.Release|Any CPU.Build.0 = Release|Any CPU
	EndGlobalSection
	GlobalSection(SolutionProperties) = preSolution
		HideSolutionNode = FALSE
	EndGlobalSection
	GlobalSection(ExtensibilityGlobals) = postSolution
		SolutionGuid = {A5656411-B98E-4370-A419-80507E0EE1D7}
	EndGlobalSection
EndGlobal
